{
  "name": "plugin-first",
  "version": "1.0.0",
  "lockfileVersion": 1,
  "requires": true,
  "dependencies": {
    "@figma/plugin-typings": {
      "version": "1.16.1",
      "resolved": "https://registry.npm.taobao.org/@figma/plugin-typings/download/@figma/plugin-typings-1.16.1.tgz",
      "integrity": "sha1-h8LcMvgQWMYRmeFMAUFV/UEaKbA=",
      "dev": true
    }
  }
}
